
Microsoft Visual Studio Solution File, Format Version 11.00
# Visual Studio 2010
Project("{FAE04EC0-301F-11D3-BF4B-00C04F79EFBC}") = "PhotoPickerExample", "PhotoPickerExample.csproj", "{09544640-0C71-45F3-94CE-F92C5A95206E}"
EndProject
Global
	GlobalSection(SolutionConfigurationPlatforms) = preSolution
		Debug|Any CPU = Debug|Any CPU
		Release|Any CPU = Release|Any CPU
	EndGlobalSection
	GlobalSection(ProjectConfigurationPlatforms) = postSolution
		{09544640-0C71-45F3-94CE-F92C5A95206E}.Debug|Any CPU.ActiveCfg = Debug|Any CPU
		{09544640-0C71-45F3-94CE-F92C5A95206E}.Debug|Any CPU.Build.0 = Debug|Any CPU
		{09544640-0C71-45F3-94CE-F92C5A95206E}.Release|Any CPU.ActiveCfg = Release|Any CPU
		{09544640-0C71-45F3-94CE-F92C5A95206E}.Release|Any CPU.Build.0 = Release|Any CPU
	EndGlobalSection
EndGlobal
