
Microsoft Visual Studio Solution File, Format Version 12.00
# Visual Studio 2012
Project("{FAE04EC0-301F-11D3-BF4B-00C04F79EFBC}") = "JsonReadExample", "JsonReadExample\JsonReadExample.csproj", "{ECBD6F0C-AA77-42C2-9815-F8B67D9B9E7F}"
EndProject
Project("{FAE04EC0-301F-11D3-BF4B-00C04F79EFBC}") = "JsonReadExample.iOS", "iOS\JsonReadExample.iOS.csproj", "{8CAA8B3A-6090-4CE3-8B49-9149E8BE5E9D}"
EndProject
Project("{FAE04EC0-301F-11D3-BF4B-00C04F79EFBC}") = "JsonReadExample.Android", "Android\JsonReadExample.Android.csproj", "{462D1755-6211-49DE-896B-5D8F1E70C067}"
EndProject
Global
	GlobalSection(SolutionConfigurationPlatforms) = preSolution
		Debug|Any CPU = Debug|Any CPU
		Release|Any CPU = Release|Any CPU
		Debug|iPhoneSimulator = Debug|iPhoneSimulator
		Release|iPhoneSimulator = Release|iPhoneSimulator
		Debug|iPhone = Debug|iPhone
		Release|iPhone = Release|iPhone
		Ad-Hoc|iPhone = Ad-Hoc|iPhone
		AppStore|iPhone = AppStore|iPhone
	EndGlobalSection
	GlobalSection(ProjectConfigurationPlatforms) = postSolution
		{462D1755-6211-49DE-896B-5D8F1E70C067}.Ad-Hoc|iPhone.ActiveCfg = Debug|Any CPU
		{462D1755-6211-49DE-896B-5D8F1E70C067}.Ad-Hoc|iPhone.Build.0 = Debug|Any CPU
		{462D1755-6211-49DE-896B-5D8F1E70C067}.AppStore|iPhone.ActiveCfg = Debug|Any CPU
		{462D1755-6211-49DE-896B-5D8F1E70C067}.AppStore|iPhone.Build.0 = Debug|Any CPU
		{462D1755-6211-49DE-896B-5D8F1E70C067}.Debug|Any CPU.ActiveCfg = Debug|Any CPU
		{462D1755-6211-49DE-896B-5D8F1E70C067}.Debug|Any CPU.Build.0 = Debug|Any CPU
		{462D1755-6211-49DE-896B-5D8F1E70C067}.Debug|iPhone.ActiveCfg = Debug|Any CPU
		{462D1755-6211-49DE-896B-5D8F1E70C067}.Debug|iPhone.Build.0 = Debug|Any CPU
		{462D1755-6211-49DE-896B-5D8F1E70C067}.Debug|iPhoneSimulator.ActiveCfg = Debug|Any CPU
		{462D1755-6211-49DE-896B-5D8F1E70C067}.Debug|iPhoneSimulator.Build.0 = Debug|Any CPU
		{462D1755-6211-49DE-896B-5D8F1E70C067}.Release|Any CPU.ActiveCfg = Release|Any CPU
		{462D1755-6211-49DE-896B-5D8F1E70C067}.Release|Any CPU.Build.0 = Release|Any CPU
		{462D1755-6211-49DE-896B-5D8F1E70C067}.Release|iPhone.ActiveCfg = Release|Any CPU
		{462D1755-6211-49DE-896B-5D8F1E70C067}.Release|iPhone.Build.0 = Release|Any CPU
		{462D1755-6211-49DE-896B-5D8F1E70C067}.Release|iPhoneSimulator.ActiveCfg = Release|Any CPU
		{462D1755-6211-49DE-896B-5D8F1E70C067}.Release|iPhoneSimulator.Build.0 = Release|Any CPU
		{8CAA8B3A-6090-4CE3-8B49-9149E8BE5E9D}.Ad-Hoc|iPhone.ActiveCfg = Ad-Hoc|iPhone
		{8CAA8B3A-6090-4CE3-8B49-9149E8BE5E9D}.Ad-Hoc|iPhone.Build.0 = Ad-Hoc|iPhone
		{8CAA8B3A-6090-4CE3-8B49-9149E8BE5E9D}.AppStore|iPhone.ActiveCfg = AppStore|iPhone
		{8CAA8B3A-6090-4CE3-8B49-9149E8BE5E9D}.AppStore|iPhone.Build.0 = AppStore|iPhone
		{8CAA8B3A-6090-4CE3-8B49-9149E8BE5E9D}.Debug|Any CPU.ActiveCfg = Debug|iPhoneSimulator
		{8CAA8B3A-6090-4CE3-8B49-9149E8BE5E9D}.Debug|Any CPU.Build.0 = Debug|iPhoneSimulator
		{8CAA8B3A-6090-4CE3-8B49-9149E8BE5E9D}.Debug|iPhone.ActiveCfg = Debug|iPhone
		{8CAA8B3A-6090-4CE3-8B49-9149E8BE5E9D}.Debug|iPhone.Build.0 = Debug|iPhone
		{8CAA8B3A-6090-4CE3-8B49-9149E8BE5E9D}.Debug|iPhoneSimulator.ActiveCfg = Debug|iPhoneSimulator
		{8CAA8B3A-6090-4CE3-8B49-9149E8BE5E9D}.Debug|iPhoneSimulator.Build.0 = Debug|iPhoneSimulator
		{8CAA8B3A-6090-4CE3-8B49-9149E8BE5E9D}.Release|Any CPU.ActiveCfg = Release|iPhoneSimulator
		{8CAA8B3A-6090-4CE3-8B49-9149E8BE5E9D}.Release|Any CPU.Build.0 = Release|iPhoneSimulator
		{8CAA8B3A-6090-4CE3-8B49-9149E8BE5E9D}.Release|iPhone.ActiveCfg = Release|iPhone
		{8CAA8B3A-6090-4CE3-8B49-9149E8BE5E9D}.Release|iPhone.Build.0 = Release|iPhone
		{8CAA8B3A-6090-4CE3-8B49-9149E8BE5E9D}.Release|iPhoneSimulator.ActiveCfg = Release|iPhoneSimulator
		{8CAA8B3A-6090-4CE3-8B49-9149E8BE5E9D}.Release|iPhoneSimulator.Build.0 = Release|iPhoneSimulator
		{ECBD6F0C-AA77-42C2-9815-F8B67D9B9E7F}.Ad-Hoc|iPhone.ActiveCfg = Debug|Any CPU
		{ECBD6F0C-AA77-42C2-9815-F8B67D9B9E7F}.Ad-Hoc|iPhone.Build.0 = Debug|Any CPU
		{ECBD6F0C-AA77-42C2-9815-F8B67D9B9E7F}.AppStore|iPhone.ActiveCfg = Debug|Any CPU
		{ECBD6F0C-AA77-42C2-9815-F8B67D9B9E7F}.AppStore|iPhone.Build.0 = Debug|Any CPU
		{ECBD6F0C-AA77-42C2-9815-F8B67D9B9E7F}.Debug|Any CPU.ActiveCfg = Debug|Any CPU
		{ECBD6F0C-AA77-42C2-9815-F8B67D9B9E7F}.Debug|Any CPU.Build.0 = Debug|Any CPU
		{ECBD6F0C-AA77-42C2-9815-F8B67D9B9E7F}.Debug|iPhone.ActiveCfg = Debug|Any CPU
		{ECBD6F0C-AA77-42C2-9815-F8B67D9B9E7F}.Debug|iPhone.Build.0 = Debug|Any CPU
		{ECBD6F0C-AA77-42C2-9815-F8B67D9B9E7F}.Debug|iPhoneSimulator.ActiveCfg = Debug|Any CPU
		{ECBD6F0C-AA77-42C2-9815-F8B67D9B9E7F}.Debug|iPhoneSimulator.Build.0 = Debug|Any CPU
		{ECBD6F0C-AA77-42C2-9815-F8B67D9B9E7F}.Release|Any CPU.ActiveCfg = Release|Any CPU
		{ECBD6F0C-AA77-42C2-9815-F8B67D9B9E7F}.Release|Any CPU.Build.0 = Release|Any CPU
		{ECBD6F0C-AA77-42C2-9815-F8B67D9B9E7F}.Release|iPhone.ActiveCfg = Release|Any CPU
		{ECBD6F0C-AA77-42C2-9815-F8B67D9B9E7F}.Release|iPhone.Build.0 = Release|Any CPU
		{ECBD6F0C-AA77-42C2-9815-F8B67D9B9E7F}.Release|iPhoneSimulator.ActiveCfg = Release|Any CPU
		{ECBD6F0C-AA77-42C2-9815-F8B67D9B9E7F}.Release|iPhoneSimulator.Build.0 = Release|Any CPU
	EndGlobalSection
	GlobalSection(MonoDevelopProperties) = preSolution
		StartupItem = JsonReadExample\JsonReadExample.csproj
	EndGlobalSection
EndGlobal
