
Microsoft Visual Studio Solution File, Format Version 12.00
# Visual Studio 2012
Project("{FAE04EC0-301F-11D3-BF4B-00C04F79EFBC}") = "SearchBarExample", "SearchBarExample\SearchBarExample.csproj", "{0CE804EC-610E-468E-8681-F44034D14702}"
EndProject
Project("{FAE04EC0-301F-11D3-BF4B-00C04F79EFBC}") = "SearchBarExample.iOS", "iOS\SearchBarExample.iOS.csproj", "{77BA6642-6462-4996-A022-CC4F43BDFE6D}"
EndProject
Project("{FAE04EC0-301F-11D3-BF4B-00C04F79EFBC}") = "SearchBarExample.Android", "Android\SearchBarExample.Android.csproj", "{8672F6BC-5120-43CD-B033-8F29F248392B}"
EndProject
Global
	GlobalSection(SolutionConfigurationPlatforms) = preSolution
		Debug|Any CPU = Debug|Any CPU
		Release|Any CPU = Release|Any CPU
		Debug|iPhoneSimulator = Debug|iPhoneSimulator
		Release|iPhoneSimulator = Release|iPhoneSimulator
		Debug|iPhone = Debug|iPhone
		Release|iPhone = Release|iPhone
		Ad-Hoc|iPhone = Ad-Hoc|iPhone
		AppStore|iPhone = AppStore|iPhone
	EndGlobalSection
	GlobalSection(ProjectConfigurationPlatforms) = postSolution
		{0CE804EC-610E-468E-8681-F44034D14702}.Ad-Hoc|iPhone.ActiveCfg = Debug|Any CPU
		{0CE804EC-610E-468E-8681-F44034D14702}.Ad-Hoc|iPhone.Build.0 = Debug|Any CPU
		{0CE804EC-610E-468E-8681-F44034D14702}.AppStore|iPhone.ActiveCfg = Debug|Any CPU
		{0CE804EC-610E-468E-8681-F44034D14702}.AppStore|iPhone.Build.0 = Debug|Any CPU
		{0CE804EC-610E-468E-8681-F44034D14702}.Debug|Any CPU.ActiveCfg = Debug|Any CPU
		{0CE804EC-610E-468E-8681-F44034D14702}.Debug|Any CPU.Build.0 = Debug|Any CPU
		{0CE804EC-610E-468E-8681-F44034D14702}.Debug|iPhone.ActiveCfg = Debug|Any CPU
		{0CE804EC-610E-468E-8681-F44034D14702}.Debug|iPhone.Build.0 = Debug|Any CPU
		{0CE804EC-610E-468E-8681-F44034D14702}.Debug|iPhoneSimulator.ActiveCfg = Debug|Any CPU
		{0CE804EC-610E-468E-8681-F44034D14702}.Debug|iPhoneSimulator.Build.0 = Debug|Any CPU
		{0CE804EC-610E-468E-8681-F44034D14702}.Release|Any CPU.ActiveCfg = Release|Any CPU
		{0CE804EC-610E-468E-8681-F44034D14702}.Release|Any CPU.Build.0 = Release|Any CPU
		{0CE804EC-610E-468E-8681-F44034D14702}.Release|iPhone.ActiveCfg = Release|Any CPU
		{0CE804EC-610E-468E-8681-F44034D14702}.Release|iPhone.Build.0 = Release|Any CPU
		{0CE804EC-610E-468E-8681-F44034D14702}.Release|iPhoneSimulator.ActiveCfg = Release|Any CPU
		{0CE804EC-610E-468E-8681-F44034D14702}.Release|iPhoneSimulator.Build.0 = Release|Any CPU
		{77BA6642-6462-4996-A022-CC4F43BDFE6D}.Ad-Hoc|iPhone.ActiveCfg = Ad-Hoc|iPhone
		{77BA6642-6462-4996-A022-CC4F43BDFE6D}.Ad-Hoc|iPhone.Build.0 = Ad-Hoc|iPhone
		{77BA6642-6462-4996-A022-CC4F43BDFE6D}.AppStore|iPhone.ActiveCfg = AppStore|iPhone
		{77BA6642-6462-4996-A022-CC4F43BDFE6D}.AppStore|iPhone.Build.0 = AppStore|iPhone
		{77BA6642-6462-4996-A022-CC4F43BDFE6D}.Debug|Any CPU.ActiveCfg = Debug|iPhoneSimulator
		{77BA6642-6462-4996-A022-CC4F43BDFE6D}.Debug|Any CPU.Build.0 = Debug|iPhoneSimulator
		{77BA6642-6462-4996-A022-CC4F43BDFE6D}.Debug|iPhone.ActiveCfg = Debug|iPhone
		{77BA6642-6462-4996-A022-CC4F43BDFE6D}.Debug|iPhone.Build.0 = Debug|iPhone
		{77BA6642-6462-4996-A022-CC4F43BDFE6D}.Debug|iPhoneSimulator.ActiveCfg = Debug|iPhoneSimulator
		{77BA6642-6462-4996-A022-CC4F43BDFE6D}.Debug|iPhoneSimulator.Build.0 = Debug|iPhoneSimulator
		{77BA6642-6462-4996-A022-CC4F43BDFE6D}.Release|Any CPU.ActiveCfg = Release|iPhoneSimulator
		{77BA6642-6462-4996-A022-CC4F43BDFE6D}.Release|Any CPU.Build.0 = Release|iPhoneSimulator
		{77BA6642-6462-4996-A022-CC4F43BDFE6D}.Release|iPhone.ActiveCfg = Release|iPhone
		{77BA6642-6462-4996-A022-CC4F43BDFE6D}.Release|iPhone.Build.0 = Release|iPhone
		{77BA6642-6462-4996-A022-CC4F43BDFE6D}.Release|iPhoneSimulator.ActiveCfg = Release|iPhoneSimulator
		{77BA6642-6462-4996-A022-CC4F43BDFE6D}.Release|iPhoneSimulator.Build.0 = Release|iPhoneSimulator
		{8672F6BC-5120-43CD-B033-8F29F248392B}.Ad-Hoc|iPhone.ActiveCfg = Debug|Any CPU
		{8672F6BC-5120-43CD-B033-8F29F248392B}.Ad-Hoc|iPhone.Build.0 = Debug|Any CPU
		{8672F6BC-5120-43CD-B033-8F29F248392B}.AppStore|iPhone.ActiveCfg = Debug|Any CPU
		{8672F6BC-5120-43CD-B033-8F29F248392B}.AppStore|iPhone.Build.0 = Debug|Any CPU
		{8672F6BC-5120-43CD-B033-8F29F248392B}.Debug|Any CPU.ActiveCfg = Debug|Any CPU
		{8672F6BC-5120-43CD-B033-8F29F248392B}.Debug|Any CPU.Build.0 = Debug|Any CPU
		{8672F6BC-5120-43CD-B033-8F29F248392B}.Debug|iPhone.ActiveCfg = Debug|Any CPU
		{8672F6BC-5120-43CD-B033-8F29F248392B}.Debug|iPhone.Build.0 = Debug|Any CPU
		{8672F6BC-5120-43CD-B033-8F29F248392B}.Debug|iPhoneSimulator.ActiveCfg = Debug|Any CPU
		{8672F6BC-5120-43CD-B033-8F29F248392B}.Debug|iPhoneSimulator.Build.0 = Debug|Any CPU
		{8672F6BC-5120-43CD-B033-8F29F248392B}.Release|Any CPU.ActiveCfg = Release|Any CPU
		{8672F6BC-5120-43CD-B033-8F29F248392B}.Release|Any CPU.Build.0 = Release|Any CPU
		{8672F6BC-5120-43CD-B033-8F29F248392B}.Release|iPhone.ActiveCfg = Release|Any CPU
		{8672F6BC-5120-43CD-B033-8F29F248392B}.Release|iPhone.Build.0 = Release|Any CPU
		{8672F6BC-5120-43CD-B033-8F29F248392B}.Release|iPhoneSimulator.ActiveCfg = Release|Any CPU
		{8672F6BC-5120-43CD-B033-8F29F248392B}.Release|iPhoneSimulator.Build.0 = Release|Any CPU
	EndGlobalSection
	GlobalSection(MonoDevelopProperties) = preSolution
		StartupItem = SearchBarExample\SearchBarExample.csproj
	EndGlobalSection
EndGlobal
