
Microsoft Visual Studio Solution File, Format Version 12.00
# Visual Studio 2012
Project("{FAE04EC0-301F-11D3-BF4B-00C04F79EFBC}") = "MapExample", "MapExample\MapExample.csproj", "{5B8C2320-DE73-476D-A6E7-9BD9F6E4A0C1}"
EndProject
Project("{FAE04EC0-301F-11D3-BF4B-00C04F79EFBC}") = "MapExample.iOS", "iOS\MapExample.iOS.csproj", "{5F217CA1-3C9D-4219-8E1D-5D5F6699B7B5}"
EndProject
Project("{FAE04EC0-301F-11D3-BF4B-00C04F79EFBC}") = "MapExample.Android", "Android\MapExample.Android.csproj", "{03E2FBE9-7D2E-4C19-BF0D-A0D62220CCCE}"
EndProject
Global
	GlobalSection(SolutionConfigurationPlatforms) = preSolution
		Debug|Any CPU = Debug|Any CPU
		Release|Any CPU = Release|Any CPU
		Debug|iPhoneSimulator = Debug|iPhoneSimulator
		Release|iPhoneSimulator = Release|iPhoneSimulator
		Debug|iPhone = Debug|iPhone
		Release|iPhone = Release|iPhone
		Ad-Hoc|iPhone = Ad-Hoc|iPhone
		AppStore|iPhone = AppStore|iPhone
	EndGlobalSection
	GlobalSection(ProjectConfigurationPlatforms) = postSolution
		{03E2FBE9-7D2E-4C19-BF0D-A0D62220CCCE}.Ad-Hoc|iPhone.ActiveCfg = Debug|Any CPU
		{03E2FBE9-7D2E-4C19-BF0D-A0D62220CCCE}.Ad-Hoc|iPhone.Build.0 = Debug|Any CPU
		{03E2FBE9-7D2E-4C19-BF0D-A0D62220CCCE}.AppStore|iPhone.ActiveCfg = Debug|Any CPU
		{03E2FBE9-7D2E-4C19-BF0D-A0D62220CCCE}.AppStore|iPhone.Build.0 = Debug|Any CPU
		{03E2FBE9-7D2E-4C19-BF0D-A0D62220CCCE}.Debug|Any CPU.ActiveCfg = Debug|Any CPU
		{03E2FBE9-7D2E-4C19-BF0D-A0D62220CCCE}.Debug|Any CPU.Build.0 = Debug|Any CPU
		{03E2FBE9-7D2E-4C19-BF0D-A0D62220CCCE}.Debug|iPhone.ActiveCfg = Debug|Any CPU
		{03E2FBE9-7D2E-4C19-BF0D-A0D62220CCCE}.Debug|iPhone.Build.0 = Debug|Any CPU
		{03E2FBE9-7D2E-4C19-BF0D-A0D62220CCCE}.Debug|iPhoneSimulator.ActiveCfg = Debug|Any CPU
		{03E2FBE9-7D2E-4C19-BF0D-A0D62220CCCE}.Debug|iPhoneSimulator.Build.0 = Debug|Any CPU
		{03E2FBE9-7D2E-4C19-BF0D-A0D62220CCCE}.Release|Any CPU.ActiveCfg = Release|Any CPU
		{03E2FBE9-7D2E-4C19-BF0D-A0D62220CCCE}.Release|Any CPU.Build.0 = Release|Any CPU
		{03E2FBE9-7D2E-4C19-BF0D-A0D62220CCCE}.Release|iPhone.ActiveCfg = Release|Any CPU
		{03E2FBE9-7D2E-4C19-BF0D-A0D62220CCCE}.Release|iPhone.Build.0 = Release|Any CPU
		{03E2FBE9-7D2E-4C19-BF0D-A0D62220CCCE}.Release|iPhoneSimulator.ActiveCfg = Release|Any CPU
		{03E2FBE9-7D2E-4C19-BF0D-A0D62220CCCE}.Release|iPhoneSimulator.Build.0 = Release|Any CPU
		{5B8C2320-DE73-476D-A6E7-9BD9F6E4A0C1}.Ad-Hoc|iPhone.ActiveCfg = Debug|Any CPU
		{5B8C2320-DE73-476D-A6E7-9BD9F6E4A0C1}.Ad-Hoc|iPhone.Build.0 = Debug|Any CPU
		{5B8C2320-DE73-476D-A6E7-9BD9F6E4A0C1}.AppStore|iPhone.ActiveCfg = Debug|Any CPU
		{5B8C2320-DE73-476D-A6E7-9BD9F6E4A0C1}.AppStore|iPhone.Build.0 = Debug|Any CPU
		{5B8C2320-DE73-476D-A6E7-9BD9F6E4A0C1}.Debug|Any CPU.ActiveCfg = Debug|Any CPU
		{5B8C2320-DE73-476D-A6E7-9BD9F6E4A0C1}.Debug|Any CPU.Build.0 = Debug|Any CPU
		{5B8C2320-DE73-476D-A6E7-9BD9F6E4A0C1}.Debug|iPhone.ActiveCfg = Debug|Any CPU
		{5B8C2320-DE73-476D-A6E7-9BD9F6E4A0C1}.Debug|iPhone.Build.0 = Debug|Any CPU
		{5B8C2320-DE73-476D-A6E7-9BD9F6E4A0C1}.Debug|iPhoneSimulator.ActiveCfg = Debug|Any CPU
		{5B8C2320-DE73-476D-A6E7-9BD9F6E4A0C1}.Debug|iPhoneSimulator.Build.0 = Debug|Any CPU
		{5B8C2320-DE73-476D-A6E7-9BD9F6E4A0C1}.Release|Any CPU.ActiveCfg = Release|Any CPU
		{5B8C2320-DE73-476D-A6E7-9BD9F6E4A0C1}.Release|Any CPU.Build.0 = Release|Any CPU
		{5B8C2320-DE73-476D-A6E7-9BD9F6E4A0C1}.Release|iPhone.ActiveCfg = Release|Any CPU
		{5B8C2320-DE73-476D-A6E7-9BD9F6E4A0C1}.Release|iPhone.Build.0 = Release|Any CPU
		{5B8C2320-DE73-476D-A6E7-9BD9F6E4A0C1}.Release|iPhoneSimulator.ActiveCfg = Release|Any CPU
		{5B8C2320-DE73-476D-A6E7-9BD9F6E4A0C1}.Release|iPhoneSimulator.Build.0 = Release|Any CPU
		{5F217CA1-3C9D-4219-8E1D-5D5F6699B7B5}.Ad-Hoc|iPhone.ActiveCfg = Ad-Hoc|iPhone
		{5F217CA1-3C9D-4219-8E1D-5D5F6699B7B5}.Ad-Hoc|iPhone.Build.0 = Ad-Hoc|iPhone
		{5F217CA1-3C9D-4219-8E1D-5D5F6699B7B5}.AppStore|iPhone.ActiveCfg = AppStore|iPhone
		{5F217CA1-3C9D-4219-8E1D-5D5F6699B7B5}.AppStore|iPhone.Build.0 = AppStore|iPhone
		{5F217CA1-3C9D-4219-8E1D-5D5F6699B7B5}.Debug|Any CPU.ActiveCfg = Debug|iPhoneSimulator
		{5F217CA1-3C9D-4219-8E1D-5D5F6699B7B5}.Debug|Any CPU.Build.0 = Debug|iPhoneSimulator
		{5F217CA1-3C9D-4219-8E1D-5D5F6699B7B5}.Debug|iPhone.ActiveCfg = Debug|iPhone
		{5F217CA1-3C9D-4219-8E1D-5D5F6699B7B5}.Debug|iPhone.Build.0 = Debug|iPhone
		{5F217CA1-3C9D-4219-8E1D-5D5F6699B7B5}.Debug|iPhoneSimulator.ActiveCfg = Debug|iPhoneSimulator
		{5F217CA1-3C9D-4219-8E1D-5D5F6699B7B5}.Debug|iPhoneSimulator.Build.0 = Debug|iPhoneSimulator
		{5F217CA1-3C9D-4219-8E1D-5D5F6699B7B5}.Release|Any CPU.ActiveCfg = Release|iPhoneSimulator
		{5F217CA1-3C9D-4219-8E1D-5D5F6699B7B5}.Release|Any CPU.Build.0 = Release|iPhoneSimulator
		{5F217CA1-3C9D-4219-8E1D-5D5F6699B7B5}.Release|iPhone.ActiveCfg = Release|iPhone
		{5F217CA1-3C9D-4219-8E1D-5D5F6699B7B5}.Release|iPhone.Build.0 = Release|iPhone
		{5F217CA1-3C9D-4219-8E1D-5D5F6699B7B5}.Release|iPhoneSimulator.ActiveCfg = Release|iPhoneSimulator
		{5F217CA1-3C9D-4219-8E1D-5D5F6699B7B5}.Release|iPhoneSimulator.Build.0 = Release|iPhoneSimulator
	EndGlobalSection
EndGlobal
