
Microsoft Visual Studio Solution File, Format Version 12.00
# Visual Studio 2012
Project("{FAE04EC0-301F-11D3-BF4B-00C04F79EFBC}") = "NavigationPageExample", "NavigationPageExample\NavigationPageExample.csproj", "{680633D0-A37B-4215-8CE7-456516CA42B7}"
EndProject
Project("{FAE04EC0-301F-11D3-BF4B-00C04F79EFBC}") = "NavigationPageExample.iOS", "iOS\NavigationPageExample.iOS.csproj", "{7064B525-51D4-473A-A665-0A519DC1E313}"
EndProject
Project("{FAE04EC0-301F-11D3-BF4B-00C04F79EFBC}") = "NavigationPageExample.Android", "Android\NavigationPageExample.Android.csproj", "{F86A5697-E95F-45DF-933D-E258AE0A957F}"
EndProject
Global
	GlobalSection(SolutionConfigurationPlatforms) = preSolution
		Debug|Any CPU = Debug|Any CPU
		Release|Any CPU = Release|Any CPU
		Debug|iPhoneSimulator = Debug|iPhoneSimulator
		Release|iPhoneSimulator = Release|iPhoneSimulator
		Debug|iPhone = Debug|iPhone
		Release|iPhone = Release|iPhone
		Ad-Hoc|iPhone = Ad-Hoc|iPhone
		AppStore|iPhone = AppStore|iPhone
	EndGlobalSection
	GlobalSection(ProjectConfigurationPlatforms) = postSolution
		{680633D0-A37B-4215-8CE7-456516CA42B7}.Ad-Hoc|iPhone.ActiveCfg = Debug|Any CPU
		{680633D0-A37B-4215-8CE7-456516CA42B7}.Ad-Hoc|iPhone.Build.0 = Debug|Any CPU
		{680633D0-A37B-4215-8CE7-456516CA42B7}.AppStore|iPhone.ActiveCfg = Debug|Any CPU
		{680633D0-A37B-4215-8CE7-456516CA42B7}.AppStore|iPhone.Build.0 = Debug|Any CPU
		{680633D0-A37B-4215-8CE7-456516CA42B7}.Debug|Any CPU.ActiveCfg = Debug|Any CPU
		{680633D0-A37B-4215-8CE7-456516CA42B7}.Debug|Any CPU.Build.0 = Debug|Any CPU
		{680633D0-A37B-4215-8CE7-456516CA42B7}.Debug|iPhone.ActiveCfg = Debug|Any CPU
		{680633D0-A37B-4215-8CE7-456516CA42B7}.Debug|iPhone.Build.0 = Debug|Any CPU
		{680633D0-A37B-4215-8CE7-456516CA42B7}.Debug|iPhoneSimulator.ActiveCfg = Debug|Any CPU
		{680633D0-A37B-4215-8CE7-456516CA42B7}.Debug|iPhoneSimulator.Build.0 = Debug|Any CPU
		{680633D0-A37B-4215-8CE7-456516CA42B7}.Release|Any CPU.ActiveCfg = Release|Any CPU
		{680633D0-A37B-4215-8CE7-456516CA42B7}.Release|Any CPU.Build.0 = Release|Any CPU
		{680633D0-A37B-4215-8CE7-456516CA42B7}.Release|iPhone.ActiveCfg = Release|Any CPU
		{680633D0-A37B-4215-8CE7-456516CA42B7}.Release|iPhone.Build.0 = Release|Any CPU
		{680633D0-A37B-4215-8CE7-456516CA42B7}.Release|iPhoneSimulator.ActiveCfg = Release|Any CPU
		{680633D0-A37B-4215-8CE7-456516CA42B7}.Release|iPhoneSimulator.Build.0 = Release|Any CPU
		{7064B525-51D4-473A-A665-0A519DC1E313}.Ad-Hoc|iPhone.ActiveCfg = Ad-Hoc|iPhone
		{7064B525-51D4-473A-A665-0A519DC1E313}.Ad-Hoc|iPhone.Build.0 = Ad-Hoc|iPhone
		{7064B525-51D4-473A-A665-0A519DC1E313}.AppStore|iPhone.ActiveCfg = AppStore|iPhone
		{7064B525-51D4-473A-A665-0A519DC1E313}.AppStore|iPhone.Build.0 = AppStore|iPhone
		{7064B525-51D4-473A-A665-0A519DC1E313}.Debug|Any CPU.ActiveCfg = Debug|iPhoneSimulator
		{7064B525-51D4-473A-A665-0A519DC1E313}.Debug|Any CPU.Build.0 = Debug|iPhoneSimulator
		{7064B525-51D4-473A-A665-0A519DC1E313}.Debug|iPhone.ActiveCfg = Debug|iPhone
		{7064B525-51D4-473A-A665-0A519DC1E313}.Debug|iPhone.Build.0 = Debug|iPhone
		{7064B525-51D4-473A-A665-0A519DC1E313}.Debug|iPhoneSimulator.ActiveCfg = Debug|iPhoneSimulator
		{7064B525-51D4-473A-A665-0A519DC1E313}.Debug|iPhoneSimulator.Build.0 = Debug|iPhoneSimulator
		{7064B525-51D4-473A-A665-0A519DC1E313}.Release|Any CPU.ActiveCfg = Release|iPhoneSimulator
		{7064B525-51D4-473A-A665-0A519DC1E313}.Release|Any CPU.Build.0 = Release|iPhoneSimulator
		{7064B525-51D4-473A-A665-0A519DC1E313}.Release|iPhone.ActiveCfg = Release|iPhone
		{7064B525-51D4-473A-A665-0A519DC1E313}.Release|iPhone.Build.0 = Release|iPhone
		{7064B525-51D4-473A-A665-0A519DC1E313}.Release|iPhoneSimulator.ActiveCfg = Release|iPhoneSimulator
		{7064B525-51D4-473A-A665-0A519DC1E313}.Release|iPhoneSimulator.Build.0 = Release|iPhoneSimulator
		{F86A5697-E95F-45DF-933D-E258AE0A957F}.Ad-Hoc|iPhone.ActiveCfg = Debug|Any CPU
		{F86A5697-E95F-45DF-933D-E258AE0A957F}.Ad-Hoc|iPhone.Build.0 = Debug|Any CPU
		{F86A5697-E95F-45DF-933D-E258AE0A957F}.AppStore|iPhone.ActiveCfg = Debug|Any CPU
		{F86A5697-E95F-45DF-933D-E258AE0A957F}.AppStore|iPhone.Build.0 = Debug|Any CPU
		{F86A5697-E95F-45DF-933D-E258AE0A957F}.Debug|Any CPU.ActiveCfg = Debug|Any CPU
		{F86A5697-E95F-45DF-933D-E258AE0A957F}.Debug|Any CPU.Build.0 = Debug|Any CPU
		{F86A5697-E95F-45DF-933D-E258AE0A957F}.Debug|iPhone.ActiveCfg = Debug|Any CPU
		{F86A5697-E95F-45DF-933D-E258AE0A957F}.Debug|iPhone.Build.0 = Debug|Any CPU
		{F86A5697-E95F-45DF-933D-E258AE0A957F}.Debug|iPhoneSimulator.ActiveCfg = Debug|Any CPU
		{F86A5697-E95F-45DF-933D-E258AE0A957F}.Debug|iPhoneSimulator.Build.0 = Debug|Any CPU
		{F86A5697-E95F-45DF-933D-E258AE0A957F}.Release|Any CPU.ActiveCfg = Release|Any CPU
		{F86A5697-E95F-45DF-933D-E258AE0A957F}.Release|Any CPU.Build.0 = Release|Any CPU
		{F86A5697-E95F-45DF-933D-E258AE0A957F}.Release|iPhone.ActiveCfg = Release|Any CPU
		{F86A5697-E95F-45DF-933D-E258AE0A957F}.Release|iPhone.Build.0 = Release|Any CPU
		{F86A5697-E95F-45DF-933D-E258AE0A957F}.Release|iPhoneSimulator.ActiveCfg = Release|Any CPU
		{F86A5697-E95F-45DF-933D-E258AE0A957F}.Release|iPhoneSimulator.Build.0 = Release|Any CPU
	EndGlobalSection
	GlobalSection(MonoDevelopProperties) = preSolution
		StartupItem = NavigationPageExample\NavigationPageExample.csproj
	EndGlobalSection
EndGlobal
