
Microsoft Visual Studio Solution File, Format Version 12.00
# Visual Studio 2012
Project("{FAE04EC0-301F-11D3-BF4B-00C04F79EFBC}") = "ActivityAndProgress", "ActivityAndProgress\ActivityAndProgress.csproj", "{4D1283F5-AA91-4DBA-B8B3-000016A55D17}"
EndProject
Project("{FAE04EC0-301F-11D3-BF4B-00C04F79EFBC}") = "ActivityAndProgress.iOS", "iOS\ActivityAndProgress.iOS.csproj", "{58B78F9C-A334-4D5A-B0DB-345D8C79D6BF}"
EndProject
Project("{FAE04EC0-301F-11D3-BF4B-00C04F79EFBC}") = "ActivityAndProgress.Android", "Android\ActivityAndProgress.Android.csproj", "{93CD7DEA-841A-436B-ADD9-D327E80D27E3}"
EndProject
Global
	GlobalSection(SolutionConfigurationPlatforms) = preSolution
		Debug|Any CPU = Debug|Any CPU
		Release|Any CPU = Release|Any CPU
		Debug|iPhoneSimulator = Debug|iPhoneSimulator
		Release|iPhoneSimulator = Release|iPhoneSimulator
		Debug|iPhone = Debug|iPhone
		Release|iPhone = Release|iPhone
		Ad-Hoc|iPhone = Ad-Hoc|iPhone
		AppStore|iPhone = AppStore|iPhone
	EndGlobalSection
	GlobalSection(ProjectConfigurationPlatforms) = postSolution
		{4D1283F5-AA91-4DBA-B8B3-000016A55D17}.Ad-Hoc|iPhone.ActiveCfg = Debug|Any CPU
		{4D1283F5-AA91-4DBA-B8B3-000016A55D17}.Ad-Hoc|iPhone.Build.0 = Debug|Any CPU
		{4D1283F5-AA91-4DBA-B8B3-000016A55D17}.AppStore|iPhone.ActiveCfg = Debug|Any CPU
		{4D1283F5-AA91-4DBA-B8B3-000016A55D17}.AppStore|iPhone.Build.0 = Debug|Any CPU
		{4D1283F5-AA91-4DBA-B8B3-000016A55D17}.Debug|Any CPU.ActiveCfg = Debug|Any CPU
		{4D1283F5-AA91-4DBA-B8B3-000016A55D17}.Debug|Any CPU.Build.0 = Debug|Any CPU
		{4D1283F5-AA91-4DBA-B8B3-000016A55D17}.Debug|iPhone.ActiveCfg = Debug|Any CPU
		{4D1283F5-AA91-4DBA-B8B3-000016A55D17}.Debug|iPhone.Build.0 = Debug|Any CPU
		{4D1283F5-AA91-4DBA-B8B3-000016A55D17}.Debug|iPhoneSimulator.ActiveCfg = Debug|Any CPU
		{4D1283F5-AA91-4DBA-B8B3-000016A55D17}.Debug|iPhoneSimulator.Build.0 = Debug|Any CPU
		{4D1283F5-AA91-4DBA-B8B3-000016A55D17}.Release|Any CPU.ActiveCfg = Release|Any CPU
		{4D1283F5-AA91-4DBA-B8B3-000016A55D17}.Release|Any CPU.Build.0 = Release|Any CPU
		{4D1283F5-AA91-4DBA-B8B3-000016A55D17}.Release|iPhone.ActiveCfg = Release|Any CPU
		{4D1283F5-AA91-4DBA-B8B3-000016A55D17}.Release|iPhone.Build.0 = Release|Any CPU
		{4D1283F5-AA91-4DBA-B8B3-000016A55D17}.Release|iPhoneSimulator.ActiveCfg = Release|Any CPU
		{4D1283F5-AA91-4DBA-B8B3-000016A55D17}.Release|iPhoneSimulator.Build.0 = Release|Any CPU
		{58B78F9C-A334-4D5A-B0DB-345D8C79D6BF}.Ad-Hoc|iPhone.ActiveCfg = Ad-Hoc|iPhone
		{58B78F9C-A334-4D5A-B0DB-345D8C79D6BF}.Ad-Hoc|iPhone.Build.0 = Ad-Hoc|iPhone
		{58B78F9C-A334-4D5A-B0DB-345D8C79D6BF}.AppStore|iPhone.ActiveCfg = AppStore|iPhone
		{58B78F9C-A334-4D5A-B0DB-345D8C79D6BF}.AppStore|iPhone.Build.0 = AppStore|iPhone
		{58B78F9C-A334-4D5A-B0DB-345D8C79D6BF}.Debug|Any CPU.ActiveCfg = Debug|iPhoneSimulator
		{58B78F9C-A334-4D5A-B0DB-345D8C79D6BF}.Debug|Any CPU.Build.0 = Debug|iPhoneSimulator
		{58B78F9C-A334-4D5A-B0DB-345D8C79D6BF}.Debug|iPhone.ActiveCfg = Debug|iPhone
		{58B78F9C-A334-4D5A-B0DB-345D8C79D6BF}.Debug|iPhone.Build.0 = Debug|iPhone
		{58B78F9C-A334-4D5A-B0DB-345D8C79D6BF}.Debug|iPhoneSimulator.ActiveCfg = Debug|iPhoneSimulator
		{58B78F9C-A334-4D5A-B0DB-345D8C79D6BF}.Debug|iPhoneSimulator.Build.0 = Debug|iPhoneSimulator
		{58B78F9C-A334-4D5A-B0DB-345D8C79D6BF}.Release|Any CPU.ActiveCfg = Release|iPhoneSimulator
		{58B78F9C-A334-4D5A-B0DB-345D8C79D6BF}.Release|Any CPU.Build.0 = Release|iPhoneSimulator
		{58B78F9C-A334-4D5A-B0DB-345D8C79D6BF}.Release|iPhone.ActiveCfg = Release|iPhone
		{58B78F9C-A334-4D5A-B0DB-345D8C79D6BF}.Release|iPhone.Build.0 = Release|iPhone
		{58B78F9C-A334-4D5A-B0DB-345D8C79D6BF}.Release|iPhoneSimulator.ActiveCfg = Release|iPhoneSimulator
		{58B78F9C-A334-4D5A-B0DB-345D8C79D6BF}.Release|iPhoneSimulator.Build.0 = Release|iPhoneSimulator
		{93CD7DEA-841A-436B-ADD9-D327E80D27E3}.Ad-Hoc|iPhone.ActiveCfg = Debug|Any CPU
		{93CD7DEA-841A-436B-ADD9-D327E80D27E3}.Ad-Hoc|iPhone.Build.0 = Debug|Any CPU
		{93CD7DEA-841A-436B-ADD9-D327E80D27E3}.AppStore|iPhone.ActiveCfg = Debug|Any CPU
		{93CD7DEA-841A-436B-ADD9-D327E80D27E3}.AppStore|iPhone.Build.0 = Debug|Any CPU
		{93CD7DEA-841A-436B-ADD9-D327E80D27E3}.Debug|Any CPU.ActiveCfg = Debug|Any CPU
		{93CD7DEA-841A-436B-ADD9-D327E80D27E3}.Debug|Any CPU.Build.0 = Debug|Any CPU
		{93CD7DEA-841A-436B-ADD9-D327E80D27E3}.Debug|iPhone.ActiveCfg = Debug|Any CPU
		{93CD7DEA-841A-436B-ADD9-D327E80D27E3}.Debug|iPhone.Build.0 = Debug|Any CPU
		{93CD7DEA-841A-436B-ADD9-D327E80D27E3}.Debug|iPhoneSimulator.ActiveCfg = Debug|Any CPU
		{93CD7DEA-841A-436B-ADD9-D327E80D27E3}.Debug|iPhoneSimulator.Build.0 = Debug|Any CPU
		{93CD7DEA-841A-436B-ADD9-D327E80D27E3}.Release|Any CPU.ActiveCfg = Release|Any CPU
		{93CD7DEA-841A-436B-ADD9-D327E80D27E3}.Release|Any CPU.Build.0 = Release|Any CPU
		{93CD7DEA-841A-436B-ADD9-D327E80D27E3}.Release|iPhone.ActiveCfg = Release|Any CPU
		{93CD7DEA-841A-436B-ADD9-D327E80D27E3}.Release|iPhone.Build.0 = Release|Any CPU
		{93CD7DEA-841A-436B-ADD9-D327E80D27E3}.Release|iPhoneSimulator.ActiveCfg = Release|Any CPU
		{93CD7DEA-841A-436B-ADD9-D327E80D27E3}.Release|iPhoneSimulator.Build.0 = Release|Any CPU
	EndGlobalSection
	GlobalSection(MonoDevelopProperties) = preSolution
		StartupItem = ActivityAndProgress\ActivityAndProgress.csproj
	EndGlobalSection
EndGlobal
