
Microsoft Visual Studio Solution File, Format Version 12.00
# Visual Studio 2013
VisualStudioVersion = 12.0.31101.0
MinimumVisualStudioVersion = 10.0.40219.1
Project("{FAE04EC0-301F-11D3-BF4B-00C04F79EFBC}") = "TabbedPageExample", "TabbedPageExample\TabbedPageExample.csproj", "{C4EFC6A7-8283-4665-A631-8F79E37F9D82}"
EndProject
Project("{FAE04EC0-301F-11D3-BF4B-00C04F79EFBC}") = "TabbedPageExample.iOS", "iOS\TabbedPageExample.iOS.csproj", "{3FE0F453-42A8-4FC6-A24C-61FA43C9FC86}"
EndProject
Project("{FAE04EC0-301F-11D3-BF4B-00C04F79EFBC}") = "TabbedPageExample.Android", "Android\TabbedPageExample.Android.csproj", "{FAC6EACA-3000-434C-A3A8-7E7D8AB7A667}"
EndProject
Global
	GlobalSection(SolutionConfigurationPlatforms) = preSolution
		Ad-Hoc|Any CPU = Ad-Hoc|Any CPU
		Ad-Hoc|iPhone = Ad-Hoc|iPhone
		Ad-Hoc|iPhoneSimulator = Ad-Hoc|iPhoneSimulator
		AppStore|Any CPU = AppStore|Any CPU
		AppStore|iPhone = AppStore|iPhone
		AppStore|iPhoneSimulator = AppStore|iPhoneSimulator
		Debug|Any CPU = Debug|Any CPU
		Debug|iPhone = Debug|iPhone
		Debug|iPhoneSimulator = Debug|iPhoneSimulator
		Release|Any CPU = Release|Any CPU
		Release|iPhone = Release|iPhone
		Release|iPhoneSimulator = Release|iPhoneSimulator
	EndGlobalSection
	GlobalSection(ProjectConfigurationPlatforms) = postSolution
		{C4EFC6A7-8283-4665-A631-8F79E37F9D82}.Ad-Hoc|Any CPU.ActiveCfg = Release|Any CPU
		{C4EFC6A7-8283-4665-A631-8F79E37F9D82}.Ad-Hoc|iPhone.ActiveCfg = Debug|Any CPU
		{C4EFC6A7-8283-4665-A631-8F79E37F9D82}.Ad-Hoc|iPhone.Build.0 = Debug|Any CPU
		{C4EFC6A7-8283-4665-A631-8F79E37F9D82}.Ad-Hoc|iPhoneSimulator.ActiveCfg = Release|Any CPU
		{C4EFC6A7-8283-4665-A631-8F79E37F9D82}.AppStore|Any CPU.ActiveCfg = Release|Any CPU
		{C4EFC6A7-8283-4665-A631-8F79E37F9D82}.AppStore|iPhone.ActiveCfg = Debug|Any CPU
		{C4EFC6A7-8283-4665-A631-8F79E37F9D82}.AppStore|iPhone.Build.0 = Debug|Any CPU
		{C4EFC6A7-8283-4665-A631-8F79E37F9D82}.AppStore|iPhoneSimulator.ActiveCfg = Release|Any CPU
		{C4EFC6A7-8283-4665-A631-8F79E37F9D82}.Debug|Any CPU.ActiveCfg = Debug|Any CPU
		{C4EFC6A7-8283-4665-A631-8F79E37F9D82}.Debug|Any CPU.Build.0 = Debug|Any CPU
		{C4EFC6A7-8283-4665-A631-8F79E37F9D82}.Debug|iPhone.ActiveCfg = Debug|Any CPU
		{C4EFC6A7-8283-4665-A631-8F79E37F9D82}.Debug|iPhone.Build.0 = Debug|Any CPU
		{C4EFC6A7-8283-4665-A631-8F79E37F9D82}.Debug|iPhoneSimulator.ActiveCfg = Debug|Any CPU
		{C4EFC6A7-8283-4665-A631-8F79E37F9D82}.Debug|iPhoneSimulator.Build.0 = Debug|Any CPU
		{C4EFC6A7-8283-4665-A631-8F79E37F9D82}.Release|Any CPU.ActiveCfg = Release|Any CPU
		{C4EFC6A7-8283-4665-A631-8F79E37F9D82}.Release|Any CPU.Build.0 = Release|Any CPU
		{C4EFC6A7-8283-4665-A631-8F79E37F9D82}.Release|iPhone.ActiveCfg = Release|Any CPU
		{C4EFC6A7-8283-4665-A631-8F79E37F9D82}.Release|iPhone.Build.0 = Release|Any CPU
		{C4EFC6A7-8283-4665-A631-8F79E37F9D82}.Release|iPhoneSimulator.ActiveCfg = Release|Any CPU
		{C4EFC6A7-8283-4665-A631-8F79E37F9D82}.Release|iPhoneSimulator.Build.0 = Release|Any CPU
		{3FE0F453-42A8-4FC6-A24C-61FA43C9FC86}.Ad-Hoc|Any CPU.ActiveCfg = Ad-Hoc|iPhone
		{3FE0F453-42A8-4FC6-A24C-61FA43C9FC86}.Ad-Hoc|iPhone.ActiveCfg = Ad-Hoc|iPhone
		{3FE0F453-42A8-4FC6-A24C-61FA43C9FC86}.Ad-Hoc|iPhone.Build.0 = Ad-Hoc|iPhone
		{3FE0F453-42A8-4FC6-A24C-61FA43C9FC86}.Ad-Hoc|iPhoneSimulator.ActiveCfg = Ad-Hoc|iPhone
		{3FE0F453-42A8-4FC6-A24C-61FA43C9FC86}.AppStore|Any CPU.ActiveCfg = AppStore|iPhone
		{3FE0F453-42A8-4FC6-A24C-61FA43C9FC86}.AppStore|iPhone.ActiveCfg = AppStore|iPhone
		{3FE0F453-42A8-4FC6-A24C-61FA43C9FC86}.AppStore|iPhone.Build.0 = AppStore|iPhone
		{3FE0F453-42A8-4FC6-A24C-61FA43C9FC86}.AppStore|iPhoneSimulator.ActiveCfg = AppStore|iPhone
		{3FE0F453-42A8-4FC6-A24C-61FA43C9FC86}.Debug|Any CPU.ActiveCfg = Debug|iPhoneSimulator
		{3FE0F453-42A8-4FC6-A24C-61FA43C9FC86}.Debug|Any CPU.Build.0 = Debug|iPhoneSimulator
		{3FE0F453-42A8-4FC6-A24C-61FA43C9FC86}.Debug|iPhone.ActiveCfg = Debug|iPhone
		{3FE0F453-42A8-4FC6-A24C-61FA43C9FC86}.Debug|iPhone.Build.0 = Debug|iPhone
		{3FE0F453-42A8-4FC6-A24C-61FA43C9FC86}.Debug|iPhoneSimulator.ActiveCfg = Debug|iPhoneSimulator
		{3FE0F453-42A8-4FC6-A24C-61FA43C9FC86}.Debug|iPhoneSimulator.Build.0 = Debug|iPhoneSimulator
		{3FE0F453-42A8-4FC6-A24C-61FA43C9FC86}.Release|Any CPU.ActiveCfg = Release|iPhoneSimulator
		{3FE0F453-42A8-4FC6-A24C-61FA43C9FC86}.Release|Any CPU.Build.0 = Release|iPhoneSimulator
		{3FE0F453-42A8-4FC6-A24C-61FA43C9FC86}.Release|iPhone.ActiveCfg = Release|iPhone
		{3FE0F453-42A8-4FC6-A24C-61FA43C9FC86}.Release|iPhone.Build.0 = Release|iPhone
		{3FE0F453-42A8-4FC6-A24C-61FA43C9FC86}.Release|iPhoneSimulator.ActiveCfg = Release|iPhoneSimulator
		{3FE0F453-42A8-4FC6-A24C-61FA43C9FC86}.Release|iPhoneSimulator.Build.0 = Release|iPhoneSimulator
		{FAC6EACA-3000-434C-A3A8-7E7D8AB7A667}.Ad-Hoc|Any CPU.ActiveCfg = Release|Any CPU
		{FAC6EACA-3000-434C-A3A8-7E7D8AB7A667}.Ad-Hoc|iPhone.ActiveCfg = Debug|Any CPU
		{FAC6EACA-3000-434C-A3A8-7E7D8AB7A667}.Ad-Hoc|iPhone.Build.0 = Debug|Any CPU
		{FAC6EACA-3000-434C-A3A8-7E7D8AB7A667}.Ad-Hoc|iPhoneSimulator.ActiveCfg = Release|Any CPU
		{FAC6EACA-3000-434C-A3A8-7E7D8AB7A667}.AppStore|Any CPU.ActiveCfg = Release|Any CPU
		{FAC6EACA-3000-434C-A3A8-7E7D8AB7A667}.AppStore|iPhone.ActiveCfg = Debug|Any CPU
		{FAC6EACA-3000-434C-A3A8-7E7D8AB7A667}.AppStore|iPhone.Build.0 = Debug|Any CPU
		{FAC6EACA-3000-434C-A3A8-7E7D8AB7A667}.AppStore|iPhoneSimulator.ActiveCfg = Release|Any CPU
		{FAC6EACA-3000-434C-A3A8-7E7D8AB7A667}.Debug|Any CPU.ActiveCfg = Debug|Any CPU
		{FAC6EACA-3000-434C-A3A8-7E7D8AB7A667}.Debug|Any CPU.Build.0 = Debug|Any CPU
		{FAC6EACA-3000-434C-A3A8-7E7D8AB7A667}.Debug|Any CPU.Deploy.0 = Debug|Any CPU
		{FAC6EACA-3000-434C-A3A8-7E7D8AB7A667}.Debug|iPhone.ActiveCfg = Debug|Any CPU
		{FAC6EACA-3000-434C-A3A8-7E7D8AB7A667}.Debug|iPhone.Build.0 = Debug|Any CPU
		{FAC6EACA-3000-434C-A3A8-7E7D8AB7A667}.Debug|iPhoneSimulator.ActiveCfg = Debug|Any CPU
		{FAC6EACA-3000-434C-A3A8-7E7D8AB7A667}.Debug|iPhoneSimulator.Build.0 = Debug|Any CPU
		{FAC6EACA-3000-434C-A3A8-7E7D8AB7A667}.Release|Any CPU.ActiveCfg = Release|Any CPU
		{FAC6EACA-3000-434C-A3A8-7E7D8AB7A667}.Release|Any CPU.Build.0 = Release|Any CPU
		{FAC6EACA-3000-434C-A3A8-7E7D8AB7A667}.Release|iPhone.ActiveCfg = Release|Any CPU
		{FAC6EACA-3000-434C-A3A8-7E7D8AB7A667}.Release|iPhone.Build.0 = Release|Any CPU
		{FAC6EACA-3000-434C-A3A8-7E7D8AB7A667}.Release|iPhoneSimulator.ActiveCfg = Release|Any CPU
		{FAC6EACA-3000-434C-A3A8-7E7D8AB7A667}.Release|iPhoneSimulator.Build.0 = Release|Any CPU
	EndGlobalSection
	GlobalSection(SolutionProperties) = preSolution
		HideSolutionNode = FALSE
	EndGlobalSection
	GlobalSection(MonoDevelopProperties) = preSolution
		StartupItem = TabbedPageExample\TabbedPageExample.csproj
	EndGlobalSection
EndGlobal
